{
  "requires": true,
  "lockfileVersion": 1,
  "dependencies": {
    "logrocket": {
      "version": "3.0.0",
      "resolved": "https://registry.npmjs.org/logrocket/-/logrocket-3.0.0.tgz",
      "integrity": "sha512-RDbF28Np+XsBIb6egJiPPQmRupdrmXURESPpxUo4awH3h7Mk0s9iZVF+AMy64GixznlWevgm01+uuAq8NYfvMw=="
    }
  }
}
